
Microsoft Visual Studio Solution File, Format Version 12.00
# Visual Studio Version 16
VisualStudioVersion = 16.0.29613.14
MinimumVisualStudioVersion = 10.0.40219.1
Project("{9A19103F-16F7-4668-BE54-9A1E7A4F7556}") = "SECS_ConsoleApp", "SECS_ConsoleApp\SECS_ConsoleApp.csproj", "{A0D80D9A-E044-4F77-B9B6-B596D15998E9}"
EndProject
Project("{2150E333-8FDC-42A3-9474-1A3956D46DE8}") = "Solution Items", "Solution Items", "{5CECD050-C1A2-48C8-87AF-99CA99220723}"
	ProjectSection(SolutionItems) = preProject
		README.MD = README.MD
	EndProjectSection
EndProject
Project("{9A19103F-16F7-4668-BE54-9A1E7A4F7556}") = "UnitTestConsoleUtilities", "UnitTestConsoleUtilities\UnitTestConsoleUtilities.csproj", "{6FE3EF68-0409-46BE-A011-683BC63BF4CC}"
EndProject
Project("{FAE04EC0-301F-11D3-BF4B-00C04F79EFBC}") = "ConsoleLibrary", "ConsoleLibrary\ConsoleLibrary.csproj", "{EABAB593-4B6C-485E-8FED-2D02545B3495}"
EndProject
Global
	GlobalSection(SolutionConfigurationPlatforms) = preSolution
		Debug|Any CPU = Debug|Any CPU
		Release|Any CPU = Release|Any CPU
	EndGlobalSection
	GlobalSection(ProjectConfigurationPlatforms) = postSolution
		{A0D80D9A-E044-4F77-B9B6-B596D15998E9}.Debug|Any CPU.ActiveCfg = Debug|Any CPU
		{A0D80D9A-E044-4F77-B9B6-B596D15998E9}.Debug|Any CPU.Build.0 = Debug|Any CPU
		{A0D80D9A-E044-4F77-B9B6-B596D15998E9}.Release|Any CPU.ActiveCfg = Release|Any CPU
		{A0D80D9A-E044-4F77-B9B6-B596D15998E9}.Release|Any CPU.Build.0 = Release|Any CPU
		{6FE3EF68-0409-46BE-A011-683BC63BF4CC}.Debug|Any CPU.ActiveCfg = Debug|Any CPU
		{6FE3EF68-0409-46BE-A011-683BC63BF4CC}.Debug|Any CPU.Build.0 = Debug|Any CPU
		{6FE3EF68-0409-46BE-A011-683BC63BF4CC}.Release|Any CPU.ActiveCfg = Release|Any CPU
		{6FE3EF68-0409-46BE-A011-683BC63BF4CC}.Release|Any CPU.Build.0 = Release|Any CPU
		{EABAB593-4B6C-485E-8FED-2D02545B3495}.Debug|Any CPU.ActiveCfg = Debug|Any CPU
		{EABAB593-4B6C-485E-8FED-2D02545B3495}.Debug|Any CPU.Build.0 = Debug|Any CPU
		{EABAB593-4B6C-485E-8FED-2D02545B3495}.Release|Any CPU.ActiveCfg = Release|Any CPU
		{EABAB593-4B6C-485E-8FED-2D02545B3495}.Release|Any CPU.Build.0 = Release|Any CPU
	EndGlobalSection
	GlobalSection(SolutionProperties) = preSolution
		HideSolutionNode = FALSE
	EndGlobalSection
	GlobalSection(ExtensibilityGlobals) = postSolution
		SolutionGuid = {A60F2322-0BB6-4EF8-B7AF-E1DC8C96361D}
	EndGlobalSection
EndGlobal
